{
  "version": 4,
  "terraform_version": "1.5.7",
  "serial": 120,
  "lineage": "db3b3967-5173-1860-bf77-c631c523674a",
  "outputs": {
    "health_endpoint": {
      "value": "http://192.168.10.161/",
      "type": "string"
    }
  },
  "resources": [
    {
      "mode": "data",
      "type": "hcp_packer_image",
      "name": "redhat",
      "provider": "provider[\"registry.terraform.io/hashicorp/hcp\"]",
      "instances": [
        {
          "schema_version": 0,
          "attributes": {
            "bucket_name": "redhat",
            "build_id": "01HKT9M7XWR92NQFYDPG3217PD",
            "channel": "latest",
            "cloud_image_id": "RHEL93-Template-Base",
            "cloud_provider": "vsphere",
            "component_type": "vsphere-iso.rhel9",
            "created_at": "2024-01-10T18:28:28.838Z",
            "id": "01HKTA4216D7XAFTG66JCHTMX1",
            "iteration_id": "01HKT9M7RX8A72DBKXNZB01EZX",
            "labels": {
              "annotation": "Built automatically by Daniel Whicker's Packer scripts\nVER: 24.01\nDATE: 2024-01-10 18:19 UTC\n",
              "build-source": "rhel9",
              "build-time": "2024-01-10T18:19:49Z",
              "cluster": "Local",
              "datastore": "vsanDatastore",
              "git_sha": "1308e94cc6674620677311362ad5414d68eddd2f",
              "memory_mb": "4096",
              "network": "vlan10",
              "network-configuration": "DHCP",
              "num_cpu": "2",
              "source_image_url": "http://bifrost.viking.org/cdimages/Linux/RedHat/rhel-9.3-x86_64-dvd.iso",
              "vsphere_uuid": "42267115-2d33-6b4e-6929-f7010f13f6ae"
            },
            "organization_id": "d8f6a51b-4629-4487-b8b9-d8af8c9cb0e7",
            "packer_run_uuid": "7f08bebc-0777-846d-eb63-95ebaa8cda96",
            "project_id": "0d4b3313-38e2-4e44-84a3-8b1a50540a4d",
            "region": "Lab",
            "revoke_at": null,
            "timeouts": null
          },
          "sensitive_attributes": []
        }
      ]
    },
    {
      "mode": "data",
      "type": "vsphere_compute_cluster",
      "name": "cluster",
      "provider": "provider[\"registry.terraform.io/hashicorp/vsphere\"]",
      "instances": [
        {
          "schema_version": 0,
          "attributes": {
            "datacenter_id": "datacenter-3",
            "id": "domain-c8",
            "name": "Local",
            "resource_pool_id": "resgroup-9"
          },
          "sensitive_attributes": []
        }
      ]
    },
    {
      "mode": "data",
      "type": "vsphere_datacenter",
      "name": "dc",
      "provider": "provider[\"registry.terraform.io/hashicorp/vsphere\"]",
      "instances": [
        {
          "schema_version": 0,
          "attributes": {
            "id": "datacenter-3",
            "name": "Lab"
          },
          "sensitive_attributes": []
        }
      ]
    },
    {
      "mode": "data",
      "type": "vsphere_datastore",
      "name": "ds",
      "provider": "provider[\"registry.terraform.io/hashicorp/vsphere\"]",
      "instances": [
        {
          "schema_version": 0,
          "attributes": {
            "datacenter_id": "datacenter-3",
            "id": "datastore-17",
            "name": "vsanDatastore"
          },
          "sensitive_attributes": []
        }
      ]
    },
    {
      "mode": "data",
      "type": "vsphere_network",
      "name": "network",
      "provider": "provider[\"registry.terraform.io/hashicorp/vsphere\"]",
      "instances": [
        {
          "schema_version": 0,
          "attributes": {
            "datacenter_id": "datacenter-3",
            "distributed_virtual_switch_uuid": null,
            "id": "dvportgroup-15023",
            "name": "vlan10",
            "type": "DistributedVirtualPortgroup"
          },
          "sensitive_attributes": []
        }
      ]
    },
    {
      "mode": "data",
      "type": "vsphere_tag",
      "name": "development",
      "provider": "provider[\"registry.terraform.io/hashicorp/vsphere\"]",
      "instances": [
        {
          "schema_version": 0,
          "attributes": {
            "category_id": "urn:vmomi:InventoryServiceCategory:db00ee06-fed1-40b1-93cc-52b771a0a8c2:GLOBAL",
            "description": "",
            "id": "urn:vmomi:InventoryServiceTag:0b0db900-409e-4ab7-9157-101f7c5371a6:GLOBAL",
            "name": "development"
          },
          "sensitive_attributes": []
        }
      ]
    },
    {
      "mode": "data",
      "type": "vsphere_tag_category",
      "name": "environment",
      "provider": "provider[\"registry.terraform.io/hashicorp/vsphere\"]",
      "instances": [
        {
          "schema_version": 0,
          "attributes": {
            "associable_types": [
              "VirtualMachine",
              "com.vmware.content.library.Item"
            ],
            "cardinality": "MULTIPLE",
            "description": "",
            "id": "urn:vmomi:InventoryServiceCategory:db00ee06-fed1-40b1-93cc-52b771a0a8c2:GLOBAL",
            "name": "environment"
          },
          "sensitive_attributes": []
        }
      ]
    },
    {
      "mode": "data",
      "type": "vsphere_virtual_machine",
      "name": "template",
      "provider": "provider[\"registry.terraform.io/hashicorp/vsphere\"]",
      "instances": [
        {
          "schema_version": 0,
          "attributes": {
            "alternate_guest_name": "",
            "annotation": "Built automatically by Daniel Whicker's Packer scripts\nVER: 24.01\nDATE: 2024-01-10 18:19 UTC\n",
            "boot_delay": 0,
            "boot_retry_delay": 10000,
            "boot_retry_enabled": false,
            "change_version": "2024-01-10T18:28:27.200427Z",
            "cpu_hot_add_enabled": true,
            "cpu_hot_remove_enabled": false,
            "cpu_limit": -1,
            "cpu_performance_counters_enabled": false,
            "cpu_reservation": 0,
            "cpu_share_count": 1000,
            "cpu_share_level": "normal",
            "datacenter_id": "datacenter-3",
            "default_ip_address": null,
            "disks": [
              {
                "eagerly_scrub": false,
                "label": "Hard disk 1",
                "size": 40,
                "thin_provisioned": true,
                "unit_number": 0
              }
            ],
            "efi_secure_boot_enabled": true,
            "enable_disk_uuid": false,
            "enable_logging": true,
            "ept_rvi_mode": "automatic",
            "extra_config": {},
            "extra_config_reboot_required": true,
            "firmware": "efi",
            "guest_id": "rhel9_64Guest",
            "guest_ip_addresses": [],
            "hardware_version": 19,
            "hv_mode": "hvAuto",
            "id": "42267115-2d33-6b4e-6929-f7010f13f6ae",
            "ide_controller_scan_count": 2,
            "latency_sensitivity": "normal",
            "memory": 4096,
            "memory_hot_add_enabled": true,
            "memory_limit": -1,
            "memory_reservation": 0,
            "memory_share_count": 320,
            "memory_share_level": "normal",
            "moid": "vm-2427752",
            "name": "RHEL93-Template-Base",
            "nested_hv_enabled": false,
            "network_interface_types": [
              "vmxnet3"
            ],
            "network_interfaces": [
              {
                "adapter_type": "vmxnet3",
                "bandwidth_limit": -1,
                "bandwidth_reservation": 0,
                "bandwidth_share_count": 50,
                "bandwidth_share_level": "normal",
                "mac_address": "00:50:56:a6:4d:46",
                "network_id": "dvportgroup-15023",
                "physical_function": ""
              }
            ],
            "num_cores_per_socket": 1,
            "num_cpus": 2,
            "replace_trigger": null,
            "run_tools_scripts_after_power_on": true,
            "run_tools_scripts_after_resume": true,
            "run_tools_scripts_before_guest_reboot": false,
            "run_tools_scripts_before_guest_shutdown": true,
            "run_tools_scripts_before_guest_standby": true,
            "sata_controller_scan_count": 0,
            "scsi_bus_sharing": "noSharing",
            "scsi_controller_scan_count": 1,
            "scsi_type": "pvscsi",
            "storage_policy_id": null,
            "swap_placement_policy": "inherit",
            "sync_time_with_host": true,
            "sync_time_with_host_periodically": false,
            "tools_upgrade_policy": "manual",
            "uuid": "42267115-2d33-6b4e-6929-f7010f13f6ae",
            "vapp": null,
            "vapp_transport": [],
            "vbs_enabled": false,
            "vvtd_enabled": false
          },
          "sensitive_attributes": []
        }
      ]
    },
    {
      "mode": "managed",
      "type": "vsphere_virtual_machine",
      "name": "vm_clone",
      "provider": "provider[\"registry.terraform.io/hashicorp/vsphere\"]",
      "instances": [
        {
          "schema_version": 3,
          "attributes": {
            "alternate_guest_name": "",
            "annotation": "Built automatically by Daniel Whicker's Packer scripts\nVER: 24.01\nDATE: 2024-01-10 18:19 UTC\n",
            "boot_delay": 0,
            "boot_retry_delay": 10000,
            "boot_retry_enabled": false,
            "cdrom": [],
            "change_version": "2024-01-10T19:58:08.836501Z",
            "clone": [
              {
                "customization_spec": [],
                "customize": [],
                "linked_clone": true,
                "ovf_network_map": null,
                "ovf_storage_map": null,
                "template_uuid": "42267115-2d33-6b4e-6929-f7010f13f6ae",
                "timeout": 30
              }
            ],
            "cpu_hot_add_enabled": false,
            "cpu_hot_remove_enabled": false,
            "cpu_limit": -1,
            "cpu_performance_counters_enabled": false,
            "cpu_reservation": 0,
            "cpu_share_count": 2000,
            "cpu_share_level": "normal",
            "custom_attributes": null,
            "datacenter_id": null,
            "datastore_cluster_id": null,
            "datastore_id": "datastore-17",
            "default_ip_address": "192.168.10.161",
            "disk": [
              {
                "attach": false,
                "controller_type": "scsi",
                "datastore_id": "datastore-17",
                "device_address": "scsi:0:0",
                "disk_mode": "persistent",
                "disk_sharing": "sharingNone",
                "eagerly_scrub": false,
                "io_limit": -1,
                "io_reservation": 0,
                "io_share_count": 1000,
                "io_share_level": "normal",
                "keep_on_remove": false,
                "key": 2000,
                "label": "disk0",
                "path": "cdf69e65-28a5-82ca-a9e2-1c697a000c31/test_vm-000001.vmdk",
                "size": 40,
                "storage_policy_id": "aa6d5a82-1c88-45da-85d3-3d74b91a5bad",
                "thin_provisioned": true,
                "unit_number": 0,
                "uuid": "6000C29e-ae3d-e671-9fa1-f578155e92eb",
                "write_through": false
              }
            ],
            "efi_secure_boot_enabled": false,
            "enable_disk_uuid": false,
            "enable_logging": false,
            "ept_rvi_mode": "automatic",
            "extra_config": null,
            "extra_config_reboot_required": true,
            "firmware": "efi",
            "folder": "Templates",
            "force_power_off": true,
            "guest_id": "rhel9_64Guest",
            "guest_ip_addresses": [
              "192.168.10.161",
              "fe80::4960:70ab:c696:bd5d"
            ],
            "hardware_version": 19,
            "host_system_id": "host-2419763",
            "hv_mode": "hvAuto",
            "id": "4226987a-c4e1-9a84-7098-5fe5d43b8aa4",
            "ide_controller_count": 2,
            "ignored_guest_ips": null,
            "imported": null,
            "latency_sensitivity": "normal",
            "memory": 4096,
            "memory_hot_add_enabled": false,
            "memory_limit": -1,
            "memory_reservation": 0,
            "memory_share_count": 40960,
            "memory_share_level": "normal",
            "migrate_wait_timeout": 30,
            "moid": "vm-2427755",
            "name": "test_vm",
            "nested_hv_enabled": false,
            "network_interface": [
              {
                "adapter_type": "vmxnet3",
                "bandwidth_limit": -1,
                "bandwidth_reservation": 0,
                "bandwidth_share_count": 50,
                "bandwidth_share_level": "normal",
                "device_address": "pci:0:7",
                "key": 4000,
                "mac_address": "00:50:56:a6:d2:6c",
                "network_id": "dvportgroup-15023",
                "ovf_mapping": "",
                "physical_function": "",
                "use_static_mac": false
              }
            ],
            "num_cores_per_socket": 1,
            "num_cpus": 2,
            "ovf_deploy": [],
            "pci_device_id": null,
            "power_state": "on",
            "poweron_timeout": 300,
            "reboot_required": false,
            "replace_trigger": null,
            "resource_pool_id": "resgroup-9",
            "run_tools_scripts_after_power_on": true,
            "run_tools_scripts_after_resume": true,
            "run_tools_scripts_before_guest_reboot": false,
            "run_tools_scripts_before_guest_shutdown": true,
            "run_tools_scripts_before_guest_standby": true,
            "sata_controller_count": 0,
            "scsi_bus_sharing": "noSharing",
            "scsi_controller_count": 1,
            "scsi_type": "pvscsi",
            "shutdown_wait_timeout": 3,
            "storage_policy_id": "aa6d5a82-1c88-45da-85d3-3d74b91a5bad",
            "swap_placement_policy": "inherit",
            "sync_time_with_host": false,
            "sync_time_with_host_periodically": false,
            "tags": [
              "urn:vmomi:InventoryServiceTag:0b0db900-409e-4ab7-9157-101f7c5371a6:GLOBAL"
            ],
            "tools_upgrade_policy": "manual",
            "uuid": "4226987a-c4e1-9a84-7098-5fe5d43b8aa4",
            "vapp": [],
            "vapp_transport": [],
            "vbs_enabled": false,
            "vmware_tools_status": "guestToolsRunning",
            "vmx_path": "cdf69e65-28a5-82ca-a9e2-1c697a000c31/test_vm.vmx",
            "vvtd_enabled": false,
            "wait_for_guest_ip_timeout": 0,
            "wait_for_guest_net_routable": true,
            "wait_for_guest_net_timeout": 5
          },
          "sensitive_attributes": [],
          "private": "eyJzY2hlbWFfdmVyc2lvbiI6IjMifQ==",
          "dependencies": [
            "data.vsphere_compute_cluster.cluster",
            "data.vsphere_datastore.ds",
            "data.vsphere_network.network",
            "data.vsphere_tag.development",
            "data.vsphere_virtual_machine.template"
          ]
        }
      ]
    }
  ],
  "check_results": null
}
